
Microsoft Visual Studio Solution File, Format Version 12.00
# Visual Studio Version 16
VisualStudioVersion = 16.0.30717.126
MinimumVisualStudioVersion = 10.0.40219.1
Project("{FAE04EC0-301F-11D3-BF4B-00C04F79EFBC}") = "TestingStudentReg", "TestingStudentReg\TestingStudentReg.csproj", "{DA349959-62BA-4310-8868-DEA3A54E1F48}"
EndProject
Global
	GlobalSection(SolutionConfigurationPlatforms) = preSolution
		Debug|Any CPU = Debug|Any CPU
		Release|Any CPU = Release|Any CPU
	EndGlobalSection
	GlobalSection(ProjectConfigurationPlatforms) = postSolution
		{DA349959-62BA-4310-8868-DEA3A54E1F48}.Debug|Any CPU.ActiveCfg = Debug|Any CPU
		{DA349959-62BA-4310-8868-DEA3A54E1F48}.Debug|Any CPU.Build.0 = Debug|Any CPU
		{DA349959-62BA-4310-8868-DEA3A54E1F48}.Release|Any CPU.ActiveCfg = Release|Any CPU
		{DA349959-62BA-4310-8868-DEA3A54E1F48}.Release|Any CPU.Build.0 = Release|Any CPU
	EndGlobalSection
	GlobalSection(SolutionProperties) = preSolution
		HideSolutionNode = FALSE
	EndGlobalSection
	GlobalSection(ExtensibilityGlobals) = postSolution
		SolutionGuid = {7B7F6F14-323E-48AD-95CE-EB40CE72ECBA}
	EndGlobalSection
EndGlobal
